<?xml version="1.0" encoding="utf-8"?>
<Project ToolsVersion="4.0" xmlns="http://schemas.microsoft.com/developer/msbuild/2003">
  <ItemGroup>
    <Filter Include="include">
      <UniqueIdentifier>{5d044598-f82d-43f7-9a41-7796a582ef37}</UniqueIdentifier>
    </Filter>
    <Filter Include="src">
      <UniqueIdentifier>{99b80d4e-94ef-4a8c-ab01-a511d8ccce02}</UniqueIdentifier>
    </Filter>
    <Filter Include="libs">
      <UniqueIdentifier>{c01d6233-ee7a-4a77-ac1e-0362a4ebfbbf}</UniqueIdentifier>
    </Filter>
  </ItemGroup>
  <ItemGroup>
    <ClCompile Include="src\main.cpp">
      <Filter>src</Filter>
    </ClCompile>
    <ClCompile Include="src\gltf_demo.cpp">
      <Filter>src</Filter>
    </ClCompile>
    <ClCompile Include="src\vulkan_render_system.cpp">
      <Filter>src</Filter>
    </ClCompile>
    <ClCompile Include="include\shader_utils.h">
      <Filter>include</Filter>
    </ClCompile>
    <ClCompile Include="src\shader_utils.cpp">
      <Filter>src</Filter>
    </ClCompile>
  </ItemGroup>
  <ItemGroup>
    <ClInclude Include="include\gltf_demo.h">
      <Filter>include</Filter>
    </ClInclude>
    <ClInclude Include="include\vulkan_render_system.h">
      <Filter>include</Filter>
    </ClInclude>
  </ItemGroup>
</Project>